
Microsoft Visual Studio Solution File, Format Version 12.00
# Visual Studio 15
VisualStudioVersion = 15.0.28010.2046
MinimumVisualStudioVersion = 10.0.40219.1
Project("{FAE04EC0-301F-11D3-BF4B-00C04F79EFBC}") = "Assignment4", "Assignment4\Assignment4.csproj", "{2ACE4CD0-B39B-4DD1-922E-C082EAB5B430}"
EndProject
Global
	GlobalSection(SolutionConfigurationPlatforms) = preSolution
		Debug|Any CPU = Debug|Any CPU
		Release|Any CPU = Release|Any CPU
	EndGlobalSection
	GlobalSection(ProjectConfigurationPlatforms) = postSolution
		{2ACE4CD0-B39B-4DD1-922E-C082EAB5B430}.Debug|Any CPU.ActiveCfg = Debug|Any CPU
		{2ACE4CD0-B39B-4DD1-922E-C082EAB5B430}.Debug|Any CPU.Build.0 = Debug|Any CPU
		{2ACE4CD0-B39B-4DD1-922E-C082EAB5B430}.Release|Any CPU.ActiveCfg = Release|Any CPU
		{2ACE4CD0-B39B-4DD1-922E-C082EAB5B430}.Release|Any CPU.Build.0 = Release|Any CPU
	EndGlobalSection
	GlobalSection(SolutionProperties) = preSolution
		HideSolutionNode = FALSE
	EndGlobalSection
	GlobalSection(ExtensibilityGlobals) = postSolution
		SolutionGuid = {B15DE168-E10C-4F2F-B167-9241E89B5D16}
	EndGlobalSection
EndGlobal
